
Microsoft Visual Studio Solution File, Format Version 12.00
# Visual Studio Version 17
VisualStudioVersion = 17.2.32630.192
MinimumVisualStudioVersion = 10.0.40219.1
Project("{8BC9CEB8-8B4A-11D0-8D11-00A0C91BC942}") = "HelloTriangle", "HelloTriangle\HelloTriangle.vcxproj", "{CA14B574-E1F3-40B8-88AA-10BECF21C162}"
EndProject
Project("{8BC9CEB8-8B4A-11D0-8D11-00A0C91BC942}") = "HelloWindow", "HelloWindow\HelloWindow.vcxproj", "{4FC75E45-3C86-4AF7-83E8-07745979B54D}"
EndProject
Project("{8BC9CEB8-8B4A-11D0-8D11-00A0C91BC942}") = "Starter", "Starter\Starter.vcxproj", "{7114614C-7BD1-48C6-9BC0-F2DB3B70606F}"
EndProject
Project("{8BC9CEB8-8B4A-11D0-8D11-00A0C91BC942}") = "HelloRectangle", "HelloRectangle\HelloRectangle.vcxproj", "{7369DEC6-EF3A-4BFE-9929-BCDCBD9D4D80}"
EndProject
Project("{8BC9CEB8-8B4A-11D0-8D11-00A0C91BC942}") = "HelloRectangleEBO", "HelloRectangleEBO\HelloRectangleEBO.vcxproj", "{18639545-2B74-47FE-8AC7-79E5DA5EC75D}"
EndProject
Project("{8BC9CEB8-8B4A-11D0-8D11-00A0C91BC942}") = "ShaderExample", "ShaderExample\ShaderExample.vcxproj", "{68B6AC46-C8E0-4577-B541-A67FD5F7A418}"
EndProject
Project("{8BC9CEB8-8B4A-11D0-8D11-00A0C91BC942}") = "MoreAttribute", "MoreAttribute\MoreAttribute.vcxproj", "{49AC954A-C47F-4217-8D51-343756C079EE}"
EndProject
Project("{8BC9CEB8-8B4A-11D0-8D11-00A0C91BC942}") = "ShaderCleanCode", "ShaderCleanCode\ShaderCleanCode.vcxproj", "{0D7603A0-632B-4370-AA11-B9C6A90D2F78}"
EndProject
Project("{8BC9CEB8-8B4A-11D0-8D11-00A0C91BC942}") = "TexturesExample", "TexturesExample\TexturesExample.vcxproj", "{490B0F35-FBFA-4113-B850-1269882AFFBA}"
EndProject
Project("{8BC9CEB8-8B4A-11D0-8D11-00A0C91BC942}") = "GLMExample", "GLMExample\GLMExample.vcxproj", "{75E1317B-4C76-475C-8139-F76778B30161}"
EndProject
Project("{8BC9CEB8-8B4A-11D0-8D11-00A0C91BC942}") = "CoordinateAndZbuffer", "CoordinateAndZbuffer\CoordinateAndZbuffer.vcxproj", "{A3876FF9-FA2F-4752-BB9F-BE9C61F6C2F0}"
EndProject
Project("{8BC9CEB8-8B4A-11D0-8D11-00A0C91BC942}") = "MoreCubeAndZbuffer", "MoreCubeAndZbuffer\MoreCubeAndZbuffer.vcxproj", "{670BB390-3FE5-4FB9-8F8C-2F5DED66B065}"
EndProject
Global
	GlobalSection(SolutionConfigurationPlatforms) = preSolution
		Debug|x64 = Debug|x64
		Debug|x86 = Debug|x86
		Release|x64 = Release|x64
		Release|x86 = Release|x86
	EndGlobalSection
	GlobalSection(ProjectConfigurationPlatforms) = postSolution
		{CA14B574-E1F3-40B8-88AA-10BECF21C162}.Debug|x64.ActiveCfg = Debug|x64
		{CA14B574-E1F3-40B8-88AA-10BECF21C162}.Debug|x64.Build.0 = Debug|x64
		{CA14B574-E1F3-40B8-88AA-10BECF21C162}.Debug|x86.ActiveCfg = Debug|Win32
		{CA14B574-E1F3-40B8-88AA-10BECF21C162}.Debug|x86.Build.0 = Debug|Win32
		{CA14B574-E1F3-40B8-88AA-10BECF21C162}.Release|x64.ActiveCfg = Release|x64
		{CA14B574-E1F3-40B8-88AA-10BECF21C162}.Release|x64.Build.0 = Release|x64
		{CA14B574-E1F3-40B8-88AA-10BECF21C162}.Release|x86.ActiveCfg = Release|Win32
		{CA14B574-E1F3-40B8-88AA-10BECF21C162}.Release|x86.Build.0 = Release|Win32
		{4FC75E45-3C86-4AF7-83E8-07745979B54D}.Debug|x64.ActiveCfg = Debug|x64
		{4FC75E45-3C86-4AF7-83E8-07745979B54D}.Debug|x64.Build.0 = Debug|x64
		{4FC75E45-3C86-4AF7-83E8-07745979B54D}.Debug|x86.ActiveCfg = Debug|Win32
		{4FC75E45-3C86-4AF7-83E8-07745979B54D}.Debug|x86.Build.0 = Debug|Win32
		{4FC75E45-3C86-4AF7-83E8-07745979B54D}.Release|x64.ActiveCfg = Release|x64
		{4FC75E45-3C86-4AF7-83E8-07745979B54D}.Release|x64.Build.0 = Release|x64
		{4FC75E45-3C86-4AF7-83E8-07745979B54D}.Release|x86.ActiveCfg = Release|Win32
		{4FC75E45-3C86-4AF7-83E8-07745979B54D}.Release|x86.Build.0 = Release|Win32
		{7114614C-7BD1-48C6-9BC0-F2DB3B70606F}.Debug|x64.ActiveCfg = Debug|x64
		{7114614C-7BD1-48C6-9BC0-F2DB3B70606F}.Debug|x64.Build.0 = Debug|x64
		{7114614C-7BD1-48C6-9BC0-F2DB3B70606F}.Debug|x86.ActiveCfg = Debug|Win32
		{7114614C-7BD1-48C6-9BC0-F2DB3B70606F}.Debug|x86.Build.0 = Debug|Win32
		{7114614C-7BD1-48C6-9BC0-F2DB3B70606F}.Release|x64.ActiveCfg = Release|x64
		{7114614C-7BD1-48C6-9BC0-F2DB3B70606F}.Release|x64.Build.0 = Release|x64
		{7114614C-7BD1-48C6-9BC0-F2DB3B70606F}.Release|x86.ActiveCfg = Release|Win32
		{7114614C-7BD1-48C6-9BC0-F2DB3B70606F}.Release|x86.Build.0 = Release|Win32
		{7369DEC6-EF3A-4BFE-9929-BCDCBD9D4D80}.Debug|x64.ActiveCfg = Debug|x64
		{7369DEC6-EF3A-4BFE-9929-BCDCBD9D4D80}.Debug|x64.Build.0 = Debug|x64
		{7369DEC6-EF3A-4BFE-9929-BCDCBD9D4D80}.Debug|x86.ActiveCfg = Debug|Win32
		{7369DEC6-EF3A-4BFE-9929-BCDCBD9D4D80}.Debug|x86.Build.0 = Debug|Win32
		{7369DEC6-EF3A-4BFE-9929-BCDCBD9D4D80}.Release|x64.ActiveCfg = Release|x64
		{7369DEC6-EF3A-4BFE-9929-BCDCBD9D4D80}.Release|x64.Build.0 = Release|x64
		{7369DEC6-EF3A-4BFE-9929-BCDCBD9D4D80}.Release|x86.ActiveCfg = Release|Win32
		{7369DEC6-EF3A-4BFE-9929-BCDCBD9D4D80}.Release|x86.Build.0 = Release|Win32
		{18639545-2B74-47FE-8AC7-79E5DA5EC75D}.Debug|x64.ActiveCfg = Debug|x64
		{18639545-2B74-47FE-8AC7-79E5DA5EC75D}.Debug|x64.Build.0 = Debug|x64
		{18639545-2B74-47FE-8AC7-79E5DA5EC75D}.Debug|x86.ActiveCfg = Debug|Win32
		{18639545-2B74-47FE-8AC7-79E5DA5EC75D}.Debug|x86.Build.0 = Debug|Win32
		{18639545-2B74-47FE-8AC7-79E5DA5EC75D}.Release|x64.ActiveCfg = Release|x64
		{18639545-2B74-47FE-8AC7-79E5DA5EC75D}.Release|x64.Build.0 = Release|x64
		{18639545-2B74-47FE-8AC7-79E5DA5EC75D}.Release|x86.ActiveCfg = Release|Win32
		{18639545-2B74-47FE-8AC7-79E5DA5EC75D}.Release|x86.Build.0 = Release|Win32
		{68B6AC46-C8E0-4577-B541-A67FD5F7A418}.Debug|x64.ActiveCfg = Debug|x64
		{68B6AC46-C8E0-4577-B541-A67FD5F7A418}.Debug|x64.Build.0 = Debug|x64
		{68B6AC46-C8E0-4577-B541-A67FD5F7A418}.Debug|x86.ActiveCfg = Debug|Win32
		{68B6AC46-C8E0-4577-B541-A67FD5F7A418}.Debug|x86.Build.0 = Debug|Win32
		{68B6AC46-C8E0-4577-B541-A67FD5F7A418}.Release|x64.ActiveCfg = Release|x64
		{68B6AC46-C8E0-4577-B541-A67FD5F7A418}.Release|x64.Build.0 = Release|x64
		{68B6AC46-C8E0-4577-B541-A67FD5F7A418}.Release|x86.ActiveCfg = Release|Win32
		{68B6AC46-C8E0-4577-B541-A67FD5F7A418}.Release|x86.Build.0 = Release|Win32
		{49AC954A-C47F-4217-8D51-343756C079EE}.Debug|x64.ActiveCfg = Debug|x64
		{49AC954A-C47F-4217-8D51-343756C079EE}.Debug|x64.Build.0 = Debug|x64
		{49AC954A-C47F-4217-8D51-343756C079EE}.Debug|x86.ActiveCfg = Debug|Win32
		{49AC954A-C47F-4217-8D51-343756C079EE}.Debug|x86.Build.0 = Debug|Win32
		{49AC954A-C47F-4217-8D51-343756C079EE}.Release|x64.ActiveCfg = Release|x64
		{49AC954A-C47F-4217-8D51-343756C079EE}.Release|x64.Build.0 = Release|x64
		{49AC954A-C47F-4217-8D51-343756C079EE}.Release|x86.ActiveCfg = Release|Win32
		{49AC954A-C47F-4217-8D51-343756C079EE}.Release|x86.Build.0 = Release|Win32
		{0D7603A0-632B-4370-AA11-B9C6A90D2F78}.Debug|x64.ActiveCfg = Debug|x64
		{0D7603A0-632B-4370-AA11-B9C6A90D2F78}.Debug|x64.Build.0 = Debug|x64
		{0D7603A0-632B-4370-AA11-B9C6A90D2F78}.Debug|x86.ActiveCfg = Debug|Win32
		{0D7603A0-632B-4370-AA11-B9C6A90D2F78}.Debug|x86.Build.0 = Debug|Win32
		{0D7603A0-632B-4370-AA11-B9C6A90D2F78}.Release|x64.ActiveCfg = Release|x64
		{0D7603A0-632B-4370-AA11-B9C6A90D2F78}.Release|x64.Build.0 = Release|x64
		{0D7603A0-632B-4370-AA11-B9C6A90D2F78}.Release|x86.ActiveCfg = Release|Win32
		{0D7603A0-632B-4370-AA11-B9C6A90D2F78}.Release|x86.Build.0 = Release|Win32
		{490B0F35-FBFA-4113-B850-1269882AFFBA}.Debug|x64.ActiveCfg = Debug|x64
		{490B0F35-FBFA-4113-B850-1269882AFFBA}.Debug|x64.Build.0 = Debug|x64
		{490B0F35-FBFA-4113-B850-1269882AFFBA}.Debug|x86.ActiveCfg = Debug|Win32
		{490B0F35-FBFA-4113-B850-1269882AFFBA}.Debug|x86.Build.0 = Debug|Win32
		{490B0F35-FBFA-4113-B850-1269882AFFBA}.Release|x64.ActiveCfg = Release|x64
		{490B0F35-FBFA-4113-B850-1269882AFFBA}.Release|x64.Build.0 = Release|x64
		{490B0F35-FBFA-4113-B850-1269882AFFBA}.Release|x86.ActiveCfg = Release|Win32
		{490B0F35-FBFA-4113-B850-1269882AFFBA}.Release|x86.Build.0 = Release|Win32
		{75E1317B-4C76-475C-8139-F76778B30161}.Debug|x64.ActiveCfg = Debug|x64
		{75E1317B-4C76-475C-8139-F76778B30161}.Debug|x64.Build.0 = Debug|x64
		{75E1317B-4C76-475C-8139-F76778B30161}.Debug|x86.ActiveCfg = Debug|Win32
		{75E1317B-4C76-475C-8139-F76778B30161}.Debug|x86.Build.0 = Debug|Win32
		{75E1317B-4C76-475C-8139-F76778B30161}.Release|x64.ActiveCfg = Release|x64
		{75E1317B-4C76-475C-8139-F76778B30161}.Release|x64.Build.0 = Release|x64
		{75E1317B-4C76-475C-8139-F76778B30161}.Release|x86.ActiveCfg = Release|Win32
		{75E1317B-4C76-475C-8139-F76778B30161}.Release|x86.Build.0 = Release|Win32
		{A3876FF9-FA2F-4752-BB9F-BE9C61F6C2F0}.Debug|x64.ActiveCfg = Debug|x64
		{A3876FF9-FA2F-4752-BB9F-BE9C61F6C2F0}.Debug|x64.Build.0 = Debug|x64
		{A3876FF9-FA2F-4752-BB9F-BE9C61F6C2F0}.Debug|x86.ActiveCfg = Debug|Win32
		{A3876FF9-FA2F-4752-BB9F-BE9C61F6C2F0}.Debug|x86.Build.0 = Debug|Win32
		{A3876FF9-FA2F-4752-BB9F-BE9C61F6C2F0}.Release|x64.ActiveCfg = Release|x64
		{A3876FF9-FA2F-4752-BB9F-BE9C61F6C2F0}.Release|x64.Build.0 = Release|x64
		{A3876FF9-FA2F-4752-BB9F-BE9C61F6C2F0}.Release|x86.ActiveCfg = Release|Win32
		{A3876FF9-FA2F-4752-BB9F-BE9C61F6C2F0}.Release|x86.Build.0 = Release|Win32
		{670BB390-3FE5-4FB9-8F8C-2F5DED66B065}.Debug|x64.ActiveCfg = Debug|x64
		{670BB390-3FE5-4FB9-8F8C-2F5DED66B065}.Debug|x64.Build.0 = Debug|x64
		{670BB390-3FE5-4FB9-8F8C-2F5DED66B065}.Debug|x86.ActiveCfg = Debug|Win32
		{670BB390-3FE5-4FB9-8F8C-2F5DED66B065}.Debug|x86.Build.0 = Debug|Win32
		{670BB390-3FE5-4FB9-8F8C-2F5DED66B065}.Release|x64.ActiveCfg = Release|x64
		{670BB390-3FE5-4FB9-8F8C-2F5DED66B065}.Release|x64.Build.0 = Release|x64
		{670BB390-3FE5-4FB9-8F8C-2F5DED66B065}.Release|x86.ActiveCfg = Release|Win32
		{670BB390-3FE5-4FB9-8F8C-2F5DED66B065}.Release|x86.Build.0 = Release|Win32
	EndGlobalSection
	GlobalSection(SolutionProperties) = preSolution
		HideSolutionNode = FALSE
	EndGlobalSection
	GlobalSection(ExtensibilityGlobals) = postSolution
		SolutionGuid = {D5208773-77DF-46E9-A6F2-3260388E4346}
	EndGlobalSection
EndGlobal
