
Microsoft Visual Studio Solution File, Format Version 12.00
# Visual Studio Version 17
VisualStudioVersion = 17.2.32630.192
MinimumVisualStudioVersion = 10.0.40219.1
Project("{8BC9CEB8-8B4A-11D0-8D11-00A0C91BC942}") = "HelloTriangle", "HelloTriangle\HelloTriangle.vcxproj", "{CA14B574-E1F3-40B8-88AA-10BECF21C162}"
EndProject
Project("{8BC9CEB8-8B4A-11D0-8D11-00A0C91BC942}") = "HelloWindow", "HelloWindow\HelloWindow.vcxproj", "{4FC75E45-3C86-4AF7-83E8-07745979B54D}"
EndProject
Project("{8BC9CEB8-8B4A-11D0-8D11-00A0C91BC942}") = "Starter", "Starter\Starter.vcxproj", "{7114614C-7BD1-48C6-9BC0-F2DB3B70606F}"
EndProject
Project("{8BC9CEB8-8B4A-11D0-8D11-00A0C91BC942}") = "HelloRectangle", "HelloRectangle\HelloRectangle.vcxproj", "{7369DEC6-EF3A-4BFE-9929-BCDCBD9D4D80}"
EndProject
Project("{8BC9CEB8-8B4A-11D0-8D11-00A0C91BC942}") = "HelloRectangleEBO", "HelloRectangleEBO\HelloRectangleEBO.vcxproj", "{18639545-2B74-47FE-8AC7-79E5DA5EC75D}"
EndProject
Project("{8BC9CEB8-8B4A-11D0-8D11-00A0C91BC942}") = "ShaderExample", "ShaderExample\ShaderExample.vcxproj", "{68B6AC46-C8E0-4577-B541-A67FD5F7A418}"
EndProject
Project("{8BC9CEB8-8B4A-11D0-8D11-00A0C91BC942}") = "MoreAttribute", "MoreAttribute\MoreAttribute.vcxproj", "{49AC954A-C47F-4217-8D51-343756C079EE}"
EndProject
Project("{8BC9CEB8-8B4A-11D0-8D11-00A0C91BC942}") = "ShaderCleanCode", "ShaderCleanCode\ShaderCleanCode.vcxproj", "{0D7603A0-632B-4370-AA11-B9C6A90D2F78}"
EndProject
Project("{8BC9CEB8-8B4A-11D0-8D11-00A0C91BC942}") = "TexturesExample", "TexturesExample\TexturesExample.vcxproj", "{490B0F35-FBFA-4113-B850-1269882AFFBA}"
EndProject
Project("{8BC9CEB8-8B4A-11D0-8D11-00A0C91BC942}") = "GLMExample", "GLMExample\GLMExample.vcxproj", "{75E1317B-4C76-475C-8139-F76778B30161}"
EndProject
Project("{8BC9CEB8-8B4A-11D0-8D11-00A0C91BC942}") = "CoordinateAndZbuffer", "CoordinateAndZbuffer\CoordinateAndZbuffer.vcxproj", "{A3876FF9-FA2F-4752-BB9F-BE9C61F6C2F0}"
EndProject
Project("{8BC9CEB8-8B4A-11D0-8D11-00A0C91BC942}") = "MoreCubeAndZbuffer", "MoreCubeAndZbuffer\MoreCubeAndZbuffer.vcxproj", "{670BB390-3FE5-4FB9-8F8C-2F5DED66B065}"
EndProject
Project("{8BC9CEB8-8B4A-11D0-8D11-00A0C91BC942}") = "NewStarter", "NewStarter\NewStarter.vcxproj", "{3FD3B017-82C9-4E97-8ECB-DAA5152D4629}"
EndProject
Project("{8BC9CEB8-8B4A-11D0-8D11-00A0C91BC942}") = "CameraExample", "CameraExample\CameraExample.vcxproj", "{4FC7A31C-6F9D-4EDC-95BF-BD34CC5955F6}"
EndProject
Project("{8BC9CEB8-8B4A-11D0-8D11-00A0C91BC942}") = "CameraCleanCode", "CameraCleanCode\CameraCleanCode.vcxproj", "{30812C49-2D92-41B8-B940-F0DADE6E2EA9}"
EndProject
Project("{8BC9CEB8-8B4A-11D0-8D11-00A0C91BC942}") = "ColorExample", "ColorExample\ColorExample.vcxproj", "{AA96F5C4-75CA-4E0C-8FDA-766526031813}"
EndProject
Project("{8BC9CEB8-8B4A-11D0-8D11-00A0C91BC942}") = "LightExample", "LightExample\LightExample.vcxproj", "{D5A3C8E9-C878-45C0-B683-69FE32268A94}"
EndProject
Project("{8BC9CEB8-8B4A-11D0-8D11-00A0C91BC942}") = "MaterialExample", "MaterialExample\MaterialExample.vcxproj", "{664BB04B-E048-480E-9B99-C8A8CB4A5149}"
EndProject
Project("{8BC9CEB8-8B4A-11D0-8D11-00A0C91BC942}") = "LightTextureExample", "LightTextureExample\LightTextureExample.vcxproj", "{86B00578-FA87-49A6-BDC3-111395847896}"
EndProject
Project("{8BC9CEB8-8B4A-11D0-8D11-00A0C91BC942}") = "MoreLightType", "MoreLightType\MoreLightType.vcxproj", "{73B48DC1-A909-482A-8508-23EBA98AB35C}"
EndProject
Project("{8BC9CEB8-8B4A-11D0-8D11-00A0C91BC942}") = "BuildMeshClass", "BuildMeshClass\BuildMeshClass.vcxproj", "{B934529B-D689-4DAB-80E5-C99B7886B4F7}"
EndProject
Project("{8BC9CEB8-8B4A-11D0-8D11-00A0C91BC942}") = "DepthTestExample", "DepthTestExample\DepthTestExample.vcxproj", "{FA0E0FC7-543E-43C0-B34A-56FF39ECA450}"
EndProject
Project("{8BC9CEB8-8B4A-11D0-8D11-00A0C91BC942}") = "StencilTestExample", "StencilTestExample\StencilTestExample.vcxproj", "{6385C773-211C-410E-A361-E78DFEB26761}"
EndProject
Project("{8BC9CEB8-8B4A-11D0-8D11-00A0C91BC942}") = "BlendExample", "BlendExample\BlendExample.vcxproj", "{3D4E176E-E9DE-4D30-8485-01AEA54089AF}"
EndProject
Project("{8BC9CEB8-8B4A-11D0-8D11-00A0C91BC942}") = "BlendExample2", "BlendExample2\BlendExample2.vcxproj", "{8F60ACA5-1FA9-4DE7-A618-D19C870123AE}"
EndProject
Project("{8BC9CEB8-8B4A-11D0-8D11-00A0C91BC942}") = "FaceCullExample", "FaceCullExample\FaceCullExample.vcxproj", "{57844BF7-9B09-4F21-8818-D619DF89314C}"
EndProject
Project("{8BC9CEB8-8B4A-11D0-8D11-00A0C91BC942}") = "MultiLight", "MultiLight\MultiLight.vcxproj", "{1AF917DF-044A-4BA9-A696-D5994B6E1C04}"
EndProject
Project("{8BC9CEB8-8B4A-11D0-8D11-00A0C91BC942}") = "FrameBufferExample", "FrameBufferExample\FrameBufferExample.vcxproj", "{9A8BD2C7-6E20-42F2-A579-47AB1215ABF4}"
EndProject
Project("{8BC9CEB8-8B4A-11D0-8D11-00A0C91BC942}") = "FinalProject", "FinalProject\FinalProject.vcxproj", "{23390678-BC34-4ED5-A49C-6FC33C782162}"
EndProject
Project("{8BC9CEB8-8B4A-11D0-8D11-00A0C91BC942}") = "CubeMapExample", "CubeMapExample\CubeMapExample.vcxproj", "{B1E4EF89-137C-4CF3-A1C8-1B22D8E20B23}"
EndProject
Project("{8BC9CEB8-8B4A-11D0-8D11-00A0C91BC942}") = "CubeMapExample1", "CubeMapExample1\CubeMapExample1.vcxproj", "{AD33CE86-B1F6-4681-85F9-D89E7CF8AD52}"
EndProject
Project("{8BC9CEB8-8B4A-11D0-8D11-00A0C91BC942}") = "CubeMapExample2", "CubeMapExample2\CubeMapExample2.vcxproj", "{A69ABE35-372B-491E-8345-0E8D8B0CAF43}"
EndProject
Project("{8BC9CEB8-8B4A-11D0-8D11-00A0C91BC942}") = "BlinnPhongExample", "BlinnPhongExample\BlinnPhongExample.vcxproj", "{101095C6-AD0A-4593-93C2-E5E90F34619B}"
EndProject
Global
	GlobalSection(SolutionConfigurationPlatforms) = preSolution
		Debug|x64 = Debug|x64
		Debug|x86 = Debug|x86
		Release|x64 = Release|x64
		Release|x86 = Release|x86
	EndGlobalSection
	GlobalSection(ProjectConfigurationPlatforms) = postSolution
		{CA14B574-E1F3-40B8-88AA-10BECF21C162}.Debug|x64.ActiveCfg = Debug|x64
		{CA14B574-E1F3-40B8-88AA-10BECF21C162}.Debug|x64.Build.0 = Debug|x64
		{CA14B574-E1F3-40B8-88AA-10BECF21C162}.Debug|x86.ActiveCfg = Debug|Win32
		{CA14B574-E1F3-40B8-88AA-10BECF21C162}.Debug|x86.Build.0 = Debug|Win32
		{CA14B574-E1F3-40B8-88AA-10BECF21C162}.Release|x64.ActiveCfg = Release|x64
		{CA14B574-E1F3-40B8-88AA-10BECF21C162}.Release|x64.Build.0 = Release|x64
		{CA14B574-E1F3-40B8-88AA-10BECF21C162}.Release|x86.ActiveCfg = Release|Win32
		{CA14B574-E1F3-40B8-88AA-10BECF21C162}.Release|x86.Build.0 = Release|Win32
		{4FC75E45-3C86-4AF7-83E8-07745979B54D}.Debug|x64.ActiveCfg = Debug|x64
		{4FC75E45-3C86-4AF7-83E8-07745979B54D}.Debug|x64.Build.0 = Debug|x64
		{4FC75E45-3C86-4AF7-83E8-07745979B54D}.Debug|x86.ActiveCfg = Debug|Win32
		{4FC75E45-3C86-4AF7-83E8-07745979B54D}.Debug|x86.Build.0 = Debug|Win32
		{4FC75E45-3C86-4AF7-83E8-07745979B54D}.Release|x64.ActiveCfg = Release|x64
		{4FC75E45-3C86-4AF7-83E8-07745979B54D}.Release|x64.Build.0 = Release|x64
		{4FC75E45-3C86-4AF7-83E8-07745979B54D}.Release|x86.ActiveCfg = Release|Win32
		{4FC75E45-3C86-4AF7-83E8-07745979B54D}.Release|x86.Build.0 = Release|Win32
		{7114614C-7BD1-48C6-9BC0-F2DB3B70606F}.Debug|x64.ActiveCfg = Debug|x64
		{7114614C-7BD1-48C6-9BC0-F2DB3B70606F}.Debug|x64.Build.0 = Debug|x64
		{7114614C-7BD1-48C6-9BC0-F2DB3B70606F}.Debug|x86.ActiveCfg = Debug|Win32
		{7114614C-7BD1-48C6-9BC0-F2DB3B70606F}.Debug|x86.Build.0 = Debug|Win32
		{7114614C-7BD1-48C6-9BC0-F2DB3B70606F}.Release|x64.ActiveCfg = Release|x64
		{7114614C-7BD1-48C6-9BC0-F2DB3B70606F}.Release|x64.Build.0 = Release|x64
		{7114614C-7BD1-48C6-9BC0-F2DB3B70606F}.Release|x86.ActiveCfg = Release|Win32
		{7114614C-7BD1-48C6-9BC0-F2DB3B70606F}.Release|x86.Build.0 = Release|Win32
		{7369DEC6-EF3A-4BFE-9929-BCDCBD9D4D80}.Debug|x64.ActiveCfg = Debug|x64
		{7369DEC6-EF3A-4BFE-9929-BCDCBD9D4D80}.Debug|x64.Build.0 = Debug|x64
		{7369DEC6-EF3A-4BFE-9929-BCDCBD9D4D80}.Debug|x86.ActiveCfg = Debug|Win32
		{7369DEC6-EF3A-4BFE-9929-BCDCBD9D4D80}.Debug|x86.Build.0 = Debug|Win32
		{7369DEC6-EF3A-4BFE-9929-BCDCBD9D4D80}.Release|x64.ActiveCfg = Release|x64
		{7369DEC6-EF3A-4BFE-9929-BCDCBD9D4D80}.Release|x64.Build.0 = Release|x64
		{7369DEC6-EF3A-4BFE-9929-BCDCBD9D4D80}.Release|x86.ActiveCfg = Release|Win32
		{7369DEC6-EF3A-4BFE-9929-BCDCBD9D4D80}.Release|x86.Build.0 = Release|Win32
		{18639545-2B74-47FE-8AC7-79E5DA5EC75D}.Debug|x64.ActiveCfg = Debug|x64
		{18639545-2B74-47FE-8AC7-79E5DA5EC75D}.Debug|x64.Build.0 = Debug|x64
		{18639545-2B74-47FE-8AC7-79E5DA5EC75D}.Debug|x86.ActiveCfg = Debug|Win32
		{18639545-2B74-47FE-8AC7-79E5DA5EC75D}.Debug|x86.Build.0 = Debug|Win32
		{18639545-2B74-47FE-8AC7-79E5DA5EC75D}.Release|x64.ActiveCfg = Release|x64
		{18639545-2B74-47FE-8AC7-79E5DA5EC75D}.Release|x64.Build.0 = Release|x64
		{18639545-2B74-47FE-8AC7-79E5DA5EC75D}.Release|x86.ActiveCfg = Release|Win32
		{18639545-2B74-47FE-8AC7-79E5DA5EC75D}.Release|x86.Build.0 = Release|Win32
		{68B6AC46-C8E0-4577-B541-A67FD5F7A418}.Debug|x64.ActiveCfg = Debug|x64
		{68B6AC46-C8E0-4577-B541-A67FD5F7A418}.Debug|x64.Build.0 = Debug|x64
		{68B6AC46-C8E0-4577-B541-A67FD5F7A418}.Debug|x86.ActiveCfg = Debug|Win32
		{68B6AC46-C8E0-4577-B541-A67FD5F7A418}.Debug|x86.Build.0 = Debug|Win32
		{68B6AC46-C8E0-4577-B541-A67FD5F7A418}.Release|x64.ActiveCfg = Release|x64
		{68B6AC46-C8E0-4577-B541-A67FD5F7A418}.Release|x64.Build.0 = Release|x64
		{68B6AC46-C8E0-4577-B541-A67FD5F7A418}.Release|x86.ActiveCfg = Release|Win32
		{68B6AC46-C8E0-4577-B541-A67FD5F7A418}.Release|x86.Build.0 = Release|Win32
		{49AC954A-C47F-4217-8D51-343756C079EE}.Debug|x64.ActiveCfg = Debug|x64
		{49AC954A-C47F-4217-8D51-343756C079EE}.Debug|x64.Build.0 = Debug|x64
		{49AC954A-C47F-4217-8D51-343756C079EE}.Debug|x86.ActiveCfg = Debug|Win32
		{49AC954A-C47F-4217-8D51-343756C079EE}.Debug|x86.Build.0 = Debug|Win32
		{49AC954A-C47F-4217-8D51-343756C079EE}.Release|x64.ActiveCfg = Release|x64
		{49AC954A-C47F-4217-8D51-343756C079EE}.Release|x64.Build.0 = Release|x64
		{49AC954A-C47F-4217-8D51-343756C079EE}.Release|x86.ActiveCfg = Release|Win32
		{49AC954A-C47F-4217-8D51-343756C079EE}.Release|x86.Build.0 = Release|Win32
		{0D7603A0-632B-4370-AA11-B9C6A90D2F78}.Debug|x64.ActiveCfg = Debug|x64
		{0D7603A0-632B-4370-AA11-B9C6A90D2F78}.Debug|x64.Build.0 = Debug|x64
		{0D7603A0-632B-4370-AA11-B9C6A90D2F78}.Debug|x86.ActiveCfg = Debug|Win32
		{0D7603A0-632B-4370-AA11-B9C6A90D2F78}.Debug|x86.Build.0 = Debug|Win32
		{0D7603A0-632B-4370-AA11-B9C6A90D2F78}.Release|x64.ActiveCfg = Release|x64
		{0D7603A0-632B-4370-AA11-B9C6A90D2F78}.Release|x64.Build.0 = Release|x64
		{0D7603A0-632B-4370-AA11-B9C6A90D2F78}.Release|x86.ActiveCfg = Release|Win32
		{0D7603A0-632B-4370-AA11-B9C6A90D2F78}.Release|x86.Build.0 = Release|Win32
		{490B0F35-FBFA-4113-B850-1269882AFFBA}.Debug|x64.ActiveCfg = Debug|x64
		{490B0F35-FBFA-4113-B850-1269882AFFBA}.Debug|x64.Build.0 = Debug|x64
		{490B0F35-FBFA-4113-B850-1269882AFFBA}.Debug|x86.ActiveCfg = Debug|Win32
		{490B0F35-FBFA-4113-B850-1269882AFFBA}.Debug|x86.Build.0 = Debug|Win32
		{490B0F35-FBFA-4113-B850-1269882AFFBA}.Release|x64.ActiveCfg = Release|x64
		{490B0F35-FBFA-4113-B850-1269882AFFBA}.Release|x64.Build.0 = Release|x64
		{490B0F35-FBFA-4113-B850-1269882AFFBA}.Release|x86.ActiveCfg = Release|Win32
		{490B0F35-FBFA-4113-B850-1269882AFFBA}.Release|x86.Build.0 = Release|Win32
		{75E1317B-4C76-475C-8139-F76778B30161}.Debug|x64.ActiveCfg = Debug|x64
		{75E1317B-4C76-475C-8139-F76778B30161}.Debug|x64.Build.0 = Debug|x64
		{75E1317B-4C76-475C-8139-F76778B30161}.Debug|x86.ActiveCfg = Debug|Win32
		{75E1317B-4C76-475C-8139-F76778B30161}.Debug|x86.Build.0 = Debug|Win32
		{75E1317B-4C76-475C-8139-F76778B30161}.Release|x64.ActiveCfg = Release|x64
		{75E1317B-4C76-475C-8139-F76778B30161}.Release|x64.Build.0 = Release|x64
		{75E1317B-4C76-475C-8139-F76778B30161}.Release|x86.ActiveCfg = Release|Win32
		{75E1317B-4C76-475C-8139-F76778B30161}.Release|x86.Build.0 = Release|Win32
		{A3876FF9-FA2F-4752-BB9F-BE9C61F6C2F0}.Debug|x64.ActiveCfg = Debug|x64
		{A3876FF9-FA2F-4752-BB9F-BE9C61F6C2F0}.Debug|x64.Build.0 = Debug|x64
		{A3876FF9-FA2F-4752-BB9F-BE9C61F6C2F0}.Debug|x86.ActiveCfg = Debug|Win32
		{A3876FF9-FA2F-4752-BB9F-BE9C61F6C2F0}.Debug|x86.Build.0 = Debug|Win32
		{A3876FF9-FA2F-4752-BB9F-BE9C61F6C2F0}.Release|x64.ActiveCfg = Release|x64
		{A3876FF9-FA2F-4752-BB9F-BE9C61F6C2F0}.Release|x64.Build.0 = Release|x64
		{A3876FF9-FA2F-4752-BB9F-BE9C61F6C2F0}.Release|x86.ActiveCfg = Release|Win32
		{A3876FF9-FA2F-4752-BB9F-BE9C61F6C2F0}.Release|x86.Build.0 = Release|Win32
		{670BB390-3FE5-4FB9-8F8C-2F5DED66B065}.Debug|x64.ActiveCfg = Debug|x64
		{670BB390-3FE5-4FB9-8F8C-2F5DED66B065}.Debug|x64.Build.0 = Debug|x64
		{670BB390-3FE5-4FB9-8F8C-2F5DED66B065}.Debug|x86.ActiveCfg = Debug|Win32
		{670BB390-3FE5-4FB9-8F8C-2F5DED66B065}.Debug|x86.Build.0 = Debug|Win32
		{670BB390-3FE5-4FB9-8F8C-2F5DED66B065}.Release|x64.ActiveCfg = Release|x64
		{670BB390-3FE5-4FB9-8F8C-2F5DED66B065}.Release|x64.Build.0 = Release|x64
		{670BB390-3FE5-4FB9-8F8C-2F5DED66B065}.Release|x86.ActiveCfg = Release|Win32
		{670BB390-3FE5-4FB9-8F8C-2F5DED66B065}.Release|x86.Build.0 = Release|Win32
		{3FD3B017-82C9-4E97-8ECB-DAA5152D4629}.Debug|x64.ActiveCfg = Debug|x64
		{3FD3B017-82C9-4E97-8ECB-DAA5152D4629}.Debug|x64.Build.0 = Debug|x64
		{3FD3B017-82C9-4E97-8ECB-DAA5152D4629}.Debug|x86.ActiveCfg = Debug|Win32
		{3FD3B017-82C9-4E97-8ECB-DAA5152D4629}.Debug|x86.Build.0 = Debug|Win32
		{3FD3B017-82C9-4E97-8ECB-DAA5152D4629}.Release|x64.ActiveCfg = Release|x64
		{3FD3B017-82C9-4E97-8ECB-DAA5152D4629}.Release|x64.Build.0 = Release|x64
		{3FD3B017-82C9-4E97-8ECB-DAA5152D4629}.Release|x86.ActiveCfg = Release|Win32
		{3FD3B017-82C9-4E97-8ECB-DAA5152D4629}.Release|x86.Build.0 = Release|Win32
		{4FC7A31C-6F9D-4EDC-95BF-BD34CC5955F6}.Debug|x64.ActiveCfg = Debug|x64
		{4FC7A31C-6F9D-4EDC-95BF-BD34CC5955F6}.Debug|x64.Build.0 = Debug|x64
		{4FC7A31C-6F9D-4EDC-95BF-BD34CC5955F6}.Debug|x86.ActiveCfg = Debug|Win32
		{4FC7A31C-6F9D-4EDC-95BF-BD34CC5955F6}.Debug|x86.Build.0 = Debug|Win32
		{4FC7A31C-6F9D-4EDC-95BF-BD34CC5955F6}.Release|x64.ActiveCfg = Release|x64
		{4FC7A31C-6F9D-4EDC-95BF-BD34CC5955F6}.Release|x64.Build.0 = Release|x64
		{4FC7A31C-6F9D-4EDC-95BF-BD34CC5955F6}.Release|x86.ActiveCfg = Release|Win32
		{4FC7A31C-6F9D-4EDC-95BF-BD34CC5955F6}.Release|x86.Build.0 = Release|Win32
		{30812C49-2D92-41B8-B940-F0DADE6E2EA9}.Debug|x64.ActiveCfg = Debug|x64
		{30812C49-2D92-41B8-B940-F0DADE6E2EA9}.Debug|x64.Build.0 = Debug|x64
		{30812C49-2D92-41B8-B940-F0DADE6E2EA9}.Debug|x86.ActiveCfg = Debug|Win32
		{30812C49-2D92-41B8-B940-F0DADE6E2EA9}.Debug|x86.Build.0 = Debug|Win32
		{30812C49-2D92-41B8-B940-F0DADE6E2EA9}.Release|x64.ActiveCfg = Release|x64
		{30812C49-2D92-41B8-B940-F0DADE6E2EA9}.Release|x64.Build.0 = Release|x64
		{30812C49-2D92-41B8-B940-F0DADE6E2EA9}.Release|x86.ActiveCfg = Release|Win32
		{30812C49-2D92-41B8-B940-F0DADE6E2EA9}.Release|x86.Build.0 = Release|Win32
		{AA96F5C4-75CA-4E0C-8FDA-766526031813}.Debug|x64.ActiveCfg = Debug|x64
		{AA96F5C4-75CA-4E0C-8FDA-766526031813}.Debug|x64.Build.0 = Debug|x64
		{AA96F5C4-75CA-4E0C-8FDA-766526031813}.Debug|x86.ActiveCfg = Debug|Win32
		{AA96F5C4-75CA-4E0C-8FDA-766526031813}.Debug|x86.Build.0 = Debug|Win32
		{AA96F5C4-75CA-4E0C-8FDA-766526031813}.Release|x64.ActiveCfg = Release|x64
		{AA96F5C4-75CA-4E0C-8FDA-766526031813}.Release|x64.Build.0 = Release|x64
		{AA96F5C4-75CA-4E0C-8FDA-766526031813}.Release|x86.ActiveCfg = Release|Win32
		{AA96F5C4-75CA-4E0C-8FDA-766526031813}.Release|x86.Build.0 = Release|Win32
		{D5A3C8E9-C878-45C0-B683-69FE32268A94}.Debug|x64.ActiveCfg = Debug|x64
		{D5A3C8E9-C878-45C0-B683-69FE32268A94}.Debug|x64.Build.0 = Debug|x64
		{D5A3C8E9-C878-45C0-B683-69FE32268A94}.Debug|x86.ActiveCfg = Debug|Win32
		{D5A3C8E9-C878-45C0-B683-69FE32268A94}.Debug|x86.Build.0 = Debug|Win32
		{D5A3C8E9-C878-45C0-B683-69FE32268A94}.Release|x64.ActiveCfg = Release|x64
		{D5A3C8E9-C878-45C0-B683-69FE32268A94}.Release|x64.Build.0 = Release|x64
		{D5A3C8E9-C878-45C0-B683-69FE32268A94}.Release|x86.ActiveCfg = Release|Win32
		{D5A3C8E9-C878-45C0-B683-69FE32268A94}.Release|x86.Build.0 = Release|Win32
		{664BB04B-E048-480E-9B99-C8A8CB4A5149}.Debug|x64.ActiveCfg = Debug|x64
		{664BB04B-E048-480E-9B99-C8A8CB4A5149}.Debug|x64.Build.0 = Debug|x64
		{664BB04B-E048-480E-9B99-C8A8CB4A5149}.Debug|x86.ActiveCfg = Debug|Win32
		{664BB04B-E048-480E-9B99-C8A8CB4A5149}.Debug|x86.Build.0 = Debug|Win32
		{664BB04B-E048-480E-9B99-C8A8CB4A5149}.Release|x64.ActiveCfg = Release|x64
		{664BB04B-E048-480E-9B99-C8A8CB4A5149}.Release|x64.Build.0 = Release|x64
		{664BB04B-E048-480E-9B99-C8A8CB4A5149}.Release|x86.ActiveCfg = Release|Win32
		{664BB04B-E048-480E-9B99-C8A8CB4A5149}.Release|x86.Build.0 = Release|Win32
		{86B00578-FA87-49A6-BDC3-111395847896}.Debug|x64.ActiveCfg = Debug|x64
		{86B00578-FA87-49A6-BDC3-111395847896}.Debug|x64.Build.0 = Debug|x64
		{86B00578-FA87-49A6-BDC3-111395847896}.Debug|x86.ActiveCfg = Debug|Win32
		{86B00578-FA87-49A6-BDC3-111395847896}.Debug|x86.Build.0 = Debug|Win32
		{86B00578-FA87-49A6-BDC3-111395847896}.Release|x64.ActiveCfg = Release|x64
		{86B00578-FA87-49A6-BDC3-111395847896}.Release|x64.Build.0 = Release|x64
		{86B00578-FA87-49A6-BDC3-111395847896}.Release|x86.ActiveCfg = Release|Win32
		{86B00578-FA87-49A6-BDC3-111395847896}.Release|x86.Build.0 = Release|Win32
		{73B48DC1-A909-482A-8508-23EBA98AB35C}.Debug|x64.ActiveCfg = Debug|x64
		{73B48DC1-A909-482A-8508-23EBA98AB35C}.Debug|x64.Build.0 = Debug|x64
		{73B48DC1-A909-482A-8508-23EBA98AB35C}.Debug|x86.ActiveCfg = Debug|Win32
		{73B48DC1-A909-482A-8508-23EBA98AB35C}.Debug|x86.Build.0 = Debug|Win32
		{73B48DC1-A909-482A-8508-23EBA98AB35C}.Release|x64.ActiveCfg = Release|x64
		{73B48DC1-A909-482A-8508-23EBA98AB35C}.Release|x64.Build.0 = Release|x64
		{73B48DC1-A909-482A-8508-23EBA98AB35C}.Release|x86.ActiveCfg = Release|Win32
		{73B48DC1-A909-482A-8508-23EBA98AB35C}.Release|x86.Build.0 = Release|Win32
		{B934529B-D689-4DAB-80E5-C99B7886B4F7}.Debug|x64.ActiveCfg = Debug|x64
		{B934529B-D689-4DAB-80E5-C99B7886B4F7}.Debug|x64.Build.0 = Debug|x64
		{B934529B-D689-4DAB-80E5-C99B7886B4F7}.Debug|x86.ActiveCfg = Debug|Win32
		{B934529B-D689-4DAB-80E5-C99B7886B4F7}.Debug|x86.Build.0 = Debug|Win32
		{B934529B-D689-4DAB-80E5-C99B7886B4F7}.Release|x64.ActiveCfg = Release|x64
		{B934529B-D689-4DAB-80E5-C99B7886B4F7}.Release|x64.Build.0 = Release|x64
		{B934529B-D689-4DAB-80E5-C99B7886B4F7}.Release|x86.ActiveCfg = Release|Win32
		{B934529B-D689-4DAB-80E5-C99B7886B4F7}.Release|x86.Build.0 = Release|Win32
		{FA0E0FC7-543E-43C0-B34A-56FF39ECA450}.Debug|x64.ActiveCfg = Debug|x64
		{FA0E0FC7-543E-43C0-B34A-56FF39ECA450}.Debug|x64.Build.0 = Debug|x64
		{FA0E0FC7-543E-43C0-B34A-56FF39ECA450}.Debug|x86.ActiveCfg = Debug|Win32
		{FA0E0FC7-543E-43C0-B34A-56FF39ECA450}.Debug|x86.Build.0 = Debug|Win32
		{FA0E0FC7-543E-43C0-B34A-56FF39ECA450}.Release|x64.ActiveCfg = Release|x64
		{FA0E0FC7-543E-43C0-B34A-56FF39ECA450}.Release|x64.Build.0 = Release|x64
		{FA0E0FC7-543E-43C0-B34A-56FF39ECA450}.Release|x86.ActiveCfg = Release|Win32
		{FA0E0FC7-543E-43C0-B34A-56FF39ECA450}.Release|x86.Build.0 = Release|Win32
		{6385C773-211C-410E-A361-E78DFEB26761}.Debug|x64.ActiveCfg = Debug|x64
		{6385C773-211C-410E-A361-E78DFEB26761}.Debug|x64.Build.0 = Debug|x64
		{6385C773-211C-410E-A361-E78DFEB26761}.Debug|x86.ActiveCfg = Debug|Win32
		{6385C773-211C-410E-A361-E78DFEB26761}.Debug|x86.Build.0 = Debug|Win32
		{6385C773-211C-410E-A361-E78DFEB26761}.Release|x64.ActiveCfg = Release|x64
		{6385C773-211C-410E-A361-E78DFEB26761}.Release|x64.Build.0 = Release|x64
		{6385C773-211C-410E-A361-E78DFEB26761}.Release|x86.ActiveCfg = Release|Win32
		{6385C773-211C-410E-A361-E78DFEB26761}.Release|x86.Build.0 = Release|Win32
		{3D4E176E-E9DE-4D30-8485-01AEA54089AF}.Debug|x64.ActiveCfg = Debug|x64
		{3D4E176E-E9DE-4D30-8485-01AEA54089AF}.Debug|x64.Build.0 = Debug|x64
		{3D4E176E-E9DE-4D30-8485-01AEA54089AF}.Debug|x86.ActiveCfg = Debug|Win32
		{3D4E176E-E9DE-4D30-8485-01AEA54089AF}.Debug|x86.Build.0 = Debug|Win32
		{3D4E176E-E9DE-4D30-8485-01AEA54089AF}.Release|x64.ActiveCfg = Release|x64
		{3D4E176E-E9DE-4D30-8485-01AEA54089AF}.Release|x64.Build.0 = Release|x64
		{3D4E176E-E9DE-4D30-8485-01AEA54089AF}.Release|x86.ActiveCfg = Release|Win32
		{3D4E176E-E9DE-4D30-8485-01AEA54089AF}.Release|x86.Build.0 = Release|Win32
		{8F60ACA5-1FA9-4DE7-A618-D19C870123AE}.Debug|x64.ActiveCfg = Debug|x64
		{8F60ACA5-1FA9-4DE7-A618-D19C870123AE}.Debug|x64.Build.0 = Debug|x64
		{8F60ACA5-1FA9-4DE7-A618-D19C870123AE}.Debug|x86.ActiveCfg = Debug|Win32
		{8F60ACA5-1FA9-4DE7-A618-D19C870123AE}.Debug|x86.Build.0 = Debug|Win32
		{8F60ACA5-1FA9-4DE7-A618-D19C870123AE}.Release|x64.ActiveCfg = Release|x64
		{8F60ACA5-1FA9-4DE7-A618-D19C870123AE}.Release|x64.Build.0 = Release|x64
		{8F60ACA5-1FA9-4DE7-A618-D19C870123AE}.Release|x86.ActiveCfg = Release|Win32
		{8F60ACA5-1FA9-4DE7-A618-D19C870123AE}.Release|x86.Build.0 = Release|Win32
		{57844BF7-9B09-4F21-8818-D619DF89314C}.Debug|x64.ActiveCfg = Debug|x64
		{57844BF7-9B09-4F21-8818-D619DF89314C}.Debug|x64.Build.0 = Debug|x64
		{57844BF7-9B09-4F21-8818-D619DF89314C}.Debug|x86.ActiveCfg = Debug|Win32
		{57844BF7-9B09-4F21-8818-D619DF89314C}.Debug|x86.Build.0 = Debug|Win32
		{57844BF7-9B09-4F21-8818-D619DF89314C}.Release|x64.ActiveCfg = Release|x64
		{57844BF7-9B09-4F21-8818-D619DF89314C}.Release|x64.Build.0 = Release|x64
		{57844BF7-9B09-4F21-8818-D619DF89314C}.Release|x86.ActiveCfg = Release|Win32
		{57844BF7-9B09-4F21-8818-D619DF89314C}.Release|x86.Build.0 = Release|Win32
		{1AF917DF-044A-4BA9-A696-D5994B6E1C04}.Debug|x64.ActiveCfg = Debug|x64
		{1AF917DF-044A-4BA9-A696-D5994B6E1C04}.Debug|x64.Build.0 = Debug|x64
		{1AF917DF-044A-4BA9-A696-D5994B6E1C04}.Debug|x86.ActiveCfg = Debug|Win32
		{1AF917DF-044A-4BA9-A696-D5994B6E1C04}.Debug|x86.Build.0 = Debug|Win32
		{1AF917DF-044A-4BA9-A696-D5994B6E1C04}.Release|x64.ActiveCfg = Release|x64
		{1AF917DF-044A-4BA9-A696-D5994B6E1C04}.Release|x64.Build.0 = Release|x64
		{1AF917DF-044A-4BA9-A696-D5994B6E1C04}.Release|x86.ActiveCfg = Release|Win32
		{1AF917DF-044A-4BA9-A696-D5994B6E1C04}.Release|x86.Build.0 = Release|Win32
		{9A8BD2C7-6E20-42F2-A579-47AB1215ABF4}.Debug|x64.ActiveCfg = Debug|x64
		{9A8BD2C7-6E20-42F2-A579-47AB1215ABF4}.Debug|x64.Build.0 = Debug|x64
		{9A8BD2C7-6E20-42F2-A579-47AB1215ABF4}.Debug|x86.ActiveCfg = Debug|Win32
		{9A8BD2C7-6E20-42F2-A579-47AB1215ABF4}.Debug|x86.Build.0 = Debug|Win32
		{9A8BD2C7-6E20-42F2-A579-47AB1215ABF4}.Release|x64.ActiveCfg = Release|x64
		{9A8BD2C7-6E20-42F2-A579-47AB1215ABF4}.Release|x64.Build.0 = Release|x64
		{9A8BD2C7-6E20-42F2-A579-47AB1215ABF4}.Release|x86.ActiveCfg = Release|Win32
		{9A8BD2C7-6E20-42F2-A579-47AB1215ABF4}.Release|x86.Build.0 = Release|Win32
		{23390678-BC34-4ED5-A49C-6FC33C782162}.Debug|x64.ActiveCfg = Debug|x64
		{23390678-BC34-4ED5-A49C-6FC33C782162}.Debug|x64.Build.0 = Debug|x64
		{23390678-BC34-4ED5-A49C-6FC33C782162}.Debug|x86.ActiveCfg = Debug|Win32
		{23390678-BC34-4ED5-A49C-6FC33C782162}.Debug|x86.Build.0 = Debug|Win32
		{23390678-BC34-4ED5-A49C-6FC33C782162}.Release|x64.ActiveCfg = Release|x64
		{23390678-BC34-4ED5-A49C-6FC33C782162}.Release|x64.Build.0 = Release|x64
		{23390678-BC34-4ED5-A49C-6FC33C782162}.Release|x86.ActiveCfg = Release|Win32
		{23390678-BC34-4ED5-A49C-6FC33C782162}.Release|x86.Build.0 = Release|Win32
		{B1E4EF89-137C-4CF3-A1C8-1B22D8E20B23}.Debug|x64.ActiveCfg = Debug|x64
		{B1E4EF89-137C-4CF3-A1C8-1B22D8E20B23}.Debug|x64.Build.0 = Debug|x64
		{B1E4EF89-137C-4CF3-A1C8-1B22D8E20B23}.Debug|x86.ActiveCfg = Debug|Win32
		{B1E4EF89-137C-4CF3-A1C8-1B22D8E20B23}.Debug|x86.Build.0 = Debug|Win32
		{B1E4EF89-137C-4CF3-A1C8-1B22D8E20B23}.Release|x64.ActiveCfg = Release|x64
		{B1E4EF89-137C-4CF3-A1C8-1B22D8E20B23}.Release|x64.Build.0 = Release|x64
		{B1E4EF89-137C-4CF3-A1C8-1B22D8E20B23}.Release|x86.ActiveCfg = Release|Win32
		{B1E4EF89-137C-4CF3-A1C8-1B22D8E20B23}.Release|x86.Build.0 = Release|Win32
		{AD33CE86-B1F6-4681-85F9-D89E7CF8AD52}.Debug|x64.ActiveCfg = Debug|x64
		{AD33CE86-B1F6-4681-85F9-D89E7CF8AD52}.Debug|x64.Build.0 = Debug|x64
		{AD33CE86-B1F6-4681-85F9-D89E7CF8AD52}.Debug|x86.ActiveCfg = Debug|Win32
		{AD33CE86-B1F6-4681-85F9-D89E7CF8AD52}.Debug|x86.Build.0 = Debug|Win32
		{AD33CE86-B1F6-4681-85F9-D89E7CF8AD52}.Release|x64.ActiveCfg = Release|x64
		{AD33CE86-B1F6-4681-85F9-D89E7CF8AD52}.Release|x64.Build.0 = Release|x64
		{AD33CE86-B1F6-4681-85F9-D89E7CF8AD52}.Release|x86.ActiveCfg = Release|Win32
		{AD33CE86-B1F6-4681-85F9-D89E7CF8AD52}.Release|x86.Build.0 = Release|Win32
		{A69ABE35-372B-491E-8345-0E8D8B0CAF43}.Debug|x64.ActiveCfg = Debug|x64
		{A69ABE35-372B-491E-8345-0E8D8B0CAF43}.Debug|x64.Build.0 = Debug|x64
		{A69ABE35-372B-491E-8345-0E8D8B0CAF43}.Debug|x86.ActiveCfg = Debug|Win32
		{A69ABE35-372B-491E-8345-0E8D8B0CAF43}.Debug|x86.Build.0 = Debug|Win32
		{A69ABE35-372B-491E-8345-0E8D8B0CAF43}.Release|x64.ActiveCfg = Release|x64
		{A69ABE35-372B-491E-8345-0E8D8B0CAF43}.Release|x64.Build.0 = Release|x64
		{A69ABE35-372B-491E-8345-0E8D8B0CAF43}.Release|x86.ActiveCfg = Release|Win32
		{A69ABE35-372B-491E-8345-0E8D8B0CAF43}.Release|x86.Build.0 = Release|Win32
		{101095C6-AD0A-4593-93C2-E5E90F34619B}.Debug|x64.ActiveCfg = Debug|x64
		{101095C6-AD0A-4593-93C2-E5E90F34619B}.Debug|x64.Build.0 = Debug|x64
		{101095C6-AD0A-4593-93C2-E5E90F34619B}.Debug|x86.ActiveCfg = Debug|Win32
		{101095C6-AD0A-4593-93C2-E5E90F34619B}.Debug|x86.Build.0 = Debug|Win32
		{101095C6-AD0A-4593-93C2-E5E90F34619B}.Release|x64.ActiveCfg = Release|x64
		{101095C6-AD0A-4593-93C2-E5E90F34619B}.Release|x64.Build.0 = Release|x64
		{101095C6-AD0A-4593-93C2-E5E90F34619B}.Release|x86.ActiveCfg = Release|Win32
		{101095C6-AD0A-4593-93C2-E5E90F34619B}.Release|x86.Build.0 = Release|Win32
	EndGlobalSection
	GlobalSection(SolutionProperties) = preSolution
		HideSolutionNode = FALSE
	EndGlobalSection
	GlobalSection(ExtensibilityGlobals) = postSolution
		SolutionGuid = {D5208773-77DF-46E9-A6F2-3260388E4346}
	EndGlobalSection
EndGlobal
